// !$*UTF8*$!
{
	archiveVersion = 1;
	classes = {
	};
	objectVersion = 56;
	objects = {

/* Begin PBXBuildFile section */
		7922BD7E2A9B398400EB1D20 /* RideType.swift in Sources */ = {isa = PBXBuildFile; fileRef = 7922BD7D2A9B398400EB1D20 /* RideType.swift */; };
		793BFD442A73FF6B0048EE19 /* MapViewState.swift in Sources */ = {isa = PBXBuildFile; fileRef = 793BFD432A73FF6B0048EE19 /* MapViewState.swift */; };
		793BFD472A7410980048EE19 /* RideRequestView.swift in Sources */ = {isa = PBXBuildFile; fileRef = 793BFD462A7410980048EE19 /* RideRequestView.swift */; };
		793BFD492A7417220048EE19 /* Assets.xcassets in Resources */ = {isa = PBXBuildFile; fileRef = 793BFD482A7417220048EE19 /* Assets.xcassets */; };
		79496D0C2A72E46100B757E1 /* SwiftUberApp.swift in Sources */ = {isa = PBXBuildFile; fileRef = 79496D0B2A72E46100B757E1 /* SwiftUberApp.swift */; };
		79496D132A72E46300B757E1 /* Preview Assets.xcassets in Resources */ = {isa = PBXBuildFile; fileRef = 79496D122A72E46300B757E1 /* Preview Assets.xcassets */; };
		79496D1D2A72E46300B757E1 /* SwiftUberTests.swift in Sources */ = {isa = PBXBuildFile; fileRef = 79496D1C2A72E46300B757E1 /* SwiftUberTests.swift */; };
		79496D272A72E46300B757E1 /* SwiftUberUITests.swift in Sources */ = {isa = PBXBuildFile; fileRef = 79496D262A72E46300B757E1 /* SwiftUberUITests.swift */; };
		79496D292A72E46300B757E1 /* SwiftUberUITestsLaunchTests.swift in Sources */ = {isa = PBXBuildFile; fileRef = 79496D282A72E46300B757E1 /* SwiftUberUITestsLaunchTests.swift */; };
		79496D3D2A72E7E400B757E1 /* HomeView.swift in Sources */ = {isa = PBXBuildFile; fileRef = 79496D3C2A72E7E400B757E1 /* HomeView.swift */; };
		79496D3F2A72E88C00B757E1 /* UberMapViewRepresentable.swift in Sources */ = {isa = PBXBuildFile; fileRef = 79496D3E2A72E88C00B757E1 /* UberMapViewRepresentable.swift */; };
		79496D412A72EBCD00B757E1 /* LocationManager.swift in Sources */ = {isa = PBXBuildFile; fileRef = 79496D402A72EBCD00B757E1 /* LocationManager.swift */; };
		79496D472A72F61A00B757E1 /* LocationSearchActivationView.swift in Sources */ = {isa = PBXBuildFile; fileRef = 79496D462A72F61A00B757E1 /* LocationSearchActivationView.swift */; };
		79496D492A72F8E900B757E1 /* MapViewActionButton.swift in Sources */ = {isa = PBXBuildFile; fileRef = 79496D482A72F8E900B757E1 /* MapViewActionButton.swift */; };
		79496D4B2A72FB5700B757E1 /* LocationSearchView.swift in Sources */ = {isa = PBXBuildFile; fileRef = 79496D4A2A72FB5700B757E1 /* LocationSearchView.swift */; };
		79496D4D2A7300AF00B757E1 /* LocationSearchResultCell.swift in Sources */ = {isa = PBXBuildFile; fileRef = 79496D4C2A7300AF00B757E1 /* LocationSearchResultCell.swift */; };
		79496D4F2A731B4800B757E1 /* LocationSearchViewModel.swift in Sources */ = {isa = PBXBuildFile; fileRef = 79496D4E2A731B4800B757E1 /* LocationSearchViewModel.swift */; };
/* End PBXBuildFile section */

/* Begin PBXContainerItemProxy section */
		79496D192A72E46300B757E1 /* PBXContainerItemProxy */ = {
			isa = PBXContainerItemProxy;
			containerPortal = 79496D002A72E46100B757E1 /* Project object */;
			proxyType = 1;
			remoteGlobalIDString = 79496D072A72E46100B757E1;
			remoteInfo = SwiftUber;
		};
		79496D232A72E46300B757E1 /* PBXContainerItemProxy */ = {
			isa = PBXContainerItemProxy;
			containerPortal = 79496D002A72E46100B757E1 /* Project object */;
			proxyType = 1;
			remoteGlobalIDString = 79496D072A72E46100B757E1;
			remoteInfo = SwiftUber;
		};
/* End PBXContainerItemProxy section */

/* Begin PBXFileReference section */
		7922BD7D2A9B398400EB1D20 /* RideType.swift */ = {isa = PBXFileReference; lastKnownFileType = sourcecode.swift; path = RideType.swift; sourceTree = "<group>"; };
		793BFD432A73FF6B0048EE19 /* MapViewState.swift */ = {isa = PBXFileReference; lastKnownFileType = sourcecode.swift; path = MapViewState.swift; sourceTree = "<group>"; };
		793BFD462A7410980048EE19 /* RideRequestView.swift */ = {isa = PBXFileReference; lastKnownFileType = sourcecode.swift; path = RideRequestView.swift; sourceTree = "<group>"; };
		793BFD482A7417220048EE19 /* Assets.xcassets */ = {isa = PBXFileReference; lastKnownFileType = folder.assetcatalog; name = Assets.xcassets; path = ../../../../../../Downloads/Assets.xcassets; sourceTree = "<group>"; };
		79496D082A72E46100B757E1 /* SwiftUber.app */ = {isa = PBXFileReference; explicitFileType = wrapper.application; includeInIndex = 0; path = SwiftUber.app; sourceTree = BUILT_PRODUCTS_DIR; };
		79496D0B2A72E46100B757E1 /* SwiftUberApp.swift */ = {isa = PBXFileReference; lastKnownFileType = sourcecode.swift; path = SwiftUberApp.swift; sourceTree = "<group>"; };
		79496D122A72E46300B757E1 /* Preview Assets.xcassets */ = {isa = PBXFileReference; lastKnownFileType = folder.assetcatalog; path = "Preview Assets.xcassets"; sourceTree = "<group>"; };
		79496D182A72E46300B757E1 /* SwiftUberTests.xctest */ = {isa = PBXFileReference; explicitFileType = wrapper.cfbundle; includeInIndex = 0; path = SwiftUberTests.xctest; sourceTree = BUILT_PRODUCTS_DIR; };
		79496D1C2A72E46300B757E1 /* SwiftUberTests.swift */ = {isa = PBXFileReference; lastKnownFileType = sourcecode.swift; path = SwiftUberTests.swift; sourceTree = "<group>"; };
		79496D222A72E46300B757E1 /* SwiftUberUITests.xctest */ = {isa = PBXFileReference; explicitFileType = wrapper.cfbundle; includeInIndex = 0; path = SwiftUberUITests.xctest; sourceTree = BUILT_PRODUCTS_DIR; };
		79496D262A72E46300B757E1 /* SwiftUberUITests.swift */ = {isa = PBXFileReference; lastKnownFileType = sourcecode.swift; path = SwiftUberUITests.swift; sourceTree = "<group>"; };
		79496D282A72E46300B757E1 /* SwiftUberUITestsLaunchTests.swift */ = {isa = PBXFileReference; lastKnownFileType = sourcecode.swift; path = SwiftUberUITestsLaunchTests.swift; sourceTree = "<group>"; };
		79496D3C2A72E7E400B757E1 /* HomeView.swift */ = {isa = PBXFileReference; lastKnownFileType = sourcecode.swift; path = HomeView.swift; sourceTree = "<group>"; };
		79496D3E2A72E88C00B757E1 /* UberMapViewRepresentable.swift */ = {isa = PBXFileReference; lastKnownFileType = sourcecode.swift; path = UberMapViewRepresentable.swift; sourceTree = "<group>"; };
		79496D402A72EBCD00B757E1 /* LocationManager.swift */ = {isa = PBXFileReference; lastKnownFileType = sourcecode.swift; path = LocationManager.swift; sourceTree = "<group>"; };
		79496D462A72F61A00B757E1 /* LocationSearchActivationView.swift */ = {isa = PBXFileReference; lastKnownFileType = sourcecode.swift; path = LocationSearchActivationView.swift; sourceTree = "<group>"; };
		79496D482A72F8E900B757E1 /* MapViewActionButton.swift */ = {isa = PBXFileReference; lastKnownFileType = sourcecode.swift; path = MapViewActionButton.swift; sourceTree = "<group>"; };
		79496D4A2A72FB5700B757E1 /* LocationSearchView.swift */ = {isa = PBXFileReference; lastKnownFileType = sourcecode.swift; path = LocationSearchView.swift; sourceTree = "<group>"; };
		79496D4C2A7300AF00B757E1 /* LocationSearchResultCell.swift */ = {isa = PBXFileReference; lastKnownFileType = sourcecode.swift; path = LocationSearchResultCell.swift; sourceTree = "<group>"; };
		79496D4E2A731B4800B757E1 /* LocationSearchViewModel.swift */ = {isa = PBXFileReference; lastKnownFileType = sourcecode.swift; path = LocationSearchViewModel.swift; sourceTree = "<group>"; };
/* End PBXFileReference section */

/* Begin PBXFrameworksBuildPhase section */
		79496D052A72E46100B757E1 /* Frameworks */ = {
			isa = PBXFrameworksBuildPhase;
			buildActionMask = 2147483647;
			files = (
			);
			runOnlyForDeploymentPostprocessing = 0;
		};
		79496D152A72E46300B757E1 /* Frameworks */ = {
			isa = PBXFrameworksBuildPhase;
			buildActionMask = 2147483647;
			files = (
			);
			runOnlyForDeploymentPostprocessing = 0;
		};
		79496D1F2A72E46300B757E1 /* Frameworks */ = {
			isa = PBXFrameworksBuildPhase;
			buildActionMask = 2147483647;
			files = (
			);
			runOnlyForDeploymentPostprocessing = 0;
		};
/* End PBXFrameworksBuildPhase section */

/* Begin PBXGroup section */
		793BFD452A74106F0048EE19 /* Trips */ = {
			isa = PBXGroup;
			children = (
				793BFD462A7410980048EE19 /* RideRequestView.swift */,
			);
			path = Trips;
			sourceTree = "<group>";
		};
		79496CFF2A72E46100B757E1 = {
			isa = PBXGroup;
			children = (
				79496D0A2A72E46100B757E1 /* SwiftUber */,
				79496D1B2A72E46300B757E1 /* SwiftUberTests */,
				79496D252A72E46300B757E1 /* SwiftUberUITests */,
				79496D092A72E46100B757E1 /* Products */,
			);
			sourceTree = "<group>";
		};
		79496D092A72E46100B757E1 /* Products */ = {
			isa = PBXGroup;
			children = (
				79496D082A72E46100B757E1 /* SwiftUber.app */,
				79496D182A72E46300B757E1 /* SwiftUberTests.xctest */,
				79496D222A72E46300B757E1 /* SwiftUberUITests.xctest */,
			);
			name = Products;
			sourceTree = "<group>";
		};
		79496D0A2A72E46100B757E1 /* SwiftUber */ = {
			isa = PBXGroup;
			children = (
				79496D392A72E74000B757E1 /* App */,
				79496D382A72E73A00B757E1 /* Core */,
				79496D372A72E73700B757E1 /* Extensions */,
				79496D362A72E73300B757E1 /* Managers */,
				79496D352A72E72F00B757E1 /* Models */,
				793BFD482A7417220048EE19 /* Assets.xcassets */,
				79496D112A72E46300B757E1 /* Preview Content */,
			);
			path = SwiftUber;
			sourceTree = "<group>";
		};
		79496D112A72E46300B757E1 /* Preview Content */ = {
			isa = PBXGroup;
			children = (
				79496D122A72E46300B757E1 /* Preview Assets.xcassets */,
			);
			path = "Preview Content";
			sourceTree = "<group>";
		};
		79496D1B2A72E46300B757E1 /* SwiftUberTests */ = {
			isa = PBXGroup;
			children = (
				79496D1C2A72E46300B757E1 /* SwiftUberTests.swift */,
			);
			path = SwiftUberTests;
			sourceTree = "<group>";
		};
		79496D252A72E46300B757E1 /* SwiftUberUITests */ = {
			isa = PBXGroup;
			children = (
				79496D262A72E46300B757E1 /* SwiftUberUITests.swift */,
				79496D282A72E46300B757E1 /* SwiftUberUITestsLaunchTests.swift */,
			);
			path = SwiftUberUITests;
			sourceTree = "<group>";
		};
		79496D352A72E72F00B757E1 /* Models */ = {
			isa = PBXGroup;
			children = (
				793BFD432A73FF6B0048EE19 /* MapViewState.swift */,
				7922BD7D2A9B398400EB1D20 /* RideType.swift */,
			);
			path = Models;
			sourceTree = "<group>";
		};
		79496D362A72E73300B757E1 /* Managers */ = {
			isa = PBXGroup;
			children = (
				79496D402A72EBCD00B757E1 /* LocationManager.swift */,
			);
			path = Managers;
			sourceTree = "<group>";
		};
		79496D372A72E73700B757E1 /* Extensions */ = {
			isa = PBXGroup;
			children = (
			);
			path = Extensions;
			sourceTree = "<group>";
		};
		79496D382A72E73A00B757E1 /* Core */ = {
			isa = PBXGroup;
			children = (
				793BFD452A74106F0048EE19 /* Trips */,
				79496D432A72F59400B757E1 /* LocationSearch */,
				79496D422A72F56400B757E1 /* Home */,
			);
			path = Core;
			sourceTree = "<group>";
		};
		79496D392A72E74000B757E1 /* App */ = {
			isa = PBXGroup;
			children = (
				79496D0B2A72E46100B757E1 /* SwiftUberApp.swift */,
			);
			path = App;
			sourceTree = "<group>";
		};
		79496D3A2A72E7A800B757E1 /* ViewModel */ = {
			isa = PBXGroup;
			children = (
			);
			path = ViewModel;
			sourceTree = "<group>";
		};
		79496D3B2A72E7AC00B757E1 /* Views */ = {
			isa = PBXGroup;
			children = (
				79496D3C2A72E7E400B757E1 /* HomeView.swift */,
				79496D3E2A72E88C00B757E1 /* UberMapViewRepresentable.swift */,
				79496D482A72F8E900B757E1 /* MapViewActionButton.swift */,
			);
			path = Views;
			sourceTree = "<group>";
		};
		79496D422A72F56400B757E1 /* Home */ = {
			isa = PBXGroup;
			children = (
				79496D3B2A72E7AC00B757E1 /* Views */,
				79496D3A2A72E7A800B757E1 /* ViewModel */,
			);
			path = Home;
			sourceTree = "<group>";
		};
		79496D432A72F59400B757E1 /* LocationSearch */ = {
			isa = PBXGroup;
			children = (
				79496D452A72F5C200B757E1 /* Views */,
				79496D442A72F5BE00B757E1 /* ViewModel */,
			);
			path = LocationSearch;
			sourceTree = "<group>";
		};
		79496D442A72F5BE00B757E1 /* ViewModel */ = {
			isa = PBXGroup;
			children = (
				79496D4E2A731B4800B757E1 /* LocationSearchViewModel.swift */,
			);
			path = ViewModel;
			sourceTree = "<group>";
		};
		79496D452A72F5C200B757E1 /* Views */ = {
			isa = PBXGroup;
			children = (
				79496D462A72F61A00B757E1 /* LocationSearchActivationView.swift */,
				79496D4A2A72FB5700B757E1 /* LocationSearchView.swift */,
				79496D4C2A7300AF00B757E1 /* LocationSearchResultCell.swift */,
			);
			path = Views;
			sourceTree = "<group>";
		};
/* End PBXGroup section */

/* Begin PBXNativeTarget section */
		79496D072A72E46100B757E1 /* SwiftUber */ = {
			isa = PBXNativeTarget;
			buildConfigurationList = 79496D2C2A72E46300B757E1 /* Build configuration list for PBXNativeTarget "SwiftUber" */;
			buildPhases = (
				79496D042A72E46100B757E1 /* Sources */,
				79496D052A72E46100B757E1 /* Frameworks */,
				79496D062A72E46100B757E1 /* Resources */,
			);
			buildRules = (
			);
			dependencies = (
			);
			name = SwiftUber;
			productName = SwiftUber;
			productReference = 79496D082A72E46100B757E1 /* SwiftUber.app */;
			productType = "com.apple.product-type.application";
		};
		79496D172A72E46300B757E1 /* SwiftUberTests */ = {
			isa = PBXNativeTarget;
			buildConfigurationList = 79496D2F2A72E46300B757E1 /* Build configuration list for PBXNativeTarget "SwiftUberTests" */;
			buildPhases = (
				79496D142A72E46300B757E1 /* Sources */,
				79496D152A72E46300B757E1 /* Frameworks */,
				79496D162A72E46300B757E1 /* Resources */,
			);
			buildRules = (
			);
			dependencies = (
				79496D1A2A72E46300B757E1 /* PBXTargetDependency */,
			);
			name = SwiftUberTests;
			productName = SwiftUberTests;
			productReference = 79496D182A72E46300B757E1 /* SwiftUberTests.xctest */;
			productType = "com.apple.product-type.bundle.unit-test";
		};
		79496D212A72E46300B757E1 /* SwiftUberUITests */ = {
			isa = PBXNativeTarget;
			buildConfigurationList = 79496D322A72E46300B757E1 /* Build configuration list for PBXNativeTarget "SwiftUberUITests" */;
			buildPhases = (
				79496D1E2A72E46300B757E1 /* Sources */,
				79496D1F2A72E46300B757E1 /* Frameworks */,
				79496D202A72E46300B757E1 /* Resources */,
			);
			buildRules = (
			);
			dependencies = (
				79496D242A72E46300B757E1 /* PBXTargetDependency */,
			);
			name = SwiftUberUITests;
			productName = SwiftUberUITests;
			productReference = 79496D222A72E46300B757E1 /* SwiftUberUITests.xctest */;
			productType = "com.apple.product-type.bundle.ui-testing";
		};
/* End PBXNativeTarget section */

/* Begin PBXProject section */
		79496D002A72E46100B757E1 /* Project object */ = {
			isa = PBXProject;
			attributes = {
				BuildIndependentTargetsInParallel = 1;
				LastSwiftUpdateCheck = 1430;
				LastUpgradeCheck = 1430;
				TargetAttributes = {
					79496D072A72E46100B757E1 = {
						CreatedOnToolsVersion = 14.3.1;
					};
					79496D172A72E46300B757E1 = {
						CreatedOnToolsVersion = 14.3.1;
						TestTargetID = 79496D072A72E46100B757E1;
					};
					79496D212A72E46300B757E1 = {
						CreatedOnToolsVersion = 14.3.1;
						TestTargetID = 79496D072A72E46100B757E1;
					};
				};
			};
			buildConfigurationList = 79496D032A72E46100B757E1 /* Build configuration list for PBXProject "SwiftUber" */;
			compatibilityVersion = "Xcode 14.0";
			developmentRegion = en;
			hasScannedForEncodings = 0;
			knownRegions = (
				en,
				Base,
			);
			mainGroup = 79496CFF2A72E46100B757E1;
			productRefGroup = 79496D092A72E46100B757E1 /* Products */;
			projectDirPath = "";
			projectRoot = "";
			targets = (
				79496D072A72E46100B757E1 /* SwiftUber */,
				79496D172A72E46300B757E1 /* SwiftUberTests */,
				79496D212A72E46300B757E1 /* SwiftUberUITests */,
			);
		};
/* End PBXProject section */

/* Begin PBXResourcesBuildPhase section */
		79496D062A72E46100B757E1 /* Resources */ = {
			isa = PBXResourcesBuildPhase;
			buildActionMask = 2147483647;
			files = (
				79496D132A72E46300B757E1 /* Preview Assets.xcassets in Resources */,
				793BFD492A7417220048EE19 /* Assets.xcassets in Resources */,
			);
			runOnlyForDeploymentPostprocessing = 0;
		};
		79496D162A72E46300B757E1 /* Resources */ = {
			isa = PBXResourcesBuildPhase;
			buildActionMask = 2147483647;
			files = (
			);
			runOnlyForDeploymentPostprocessing = 0;
		};
		79496D202A72E46300B757E1 /* Resources */ = {
			isa = PBXResourcesBuildPhase;
			buildActionMask = 2147483647;
			files = (
			);
			runOnlyForDeploymentPostprocessing = 0;
		};
/* End PBXResourcesBuildPhase section */

/* Begin PBXSourcesBuildPhase section */
		79496D042A72E46100B757E1 /* Sources */ = {
			isa = PBXSourcesBuildPhase;
			buildActionMask = 2147483647;
			files = (
				79496D4B2A72FB5700B757E1 /* LocationSearchView.swift in Sources */,
				79496D412A72EBCD00B757E1 /* LocationManager.swift in Sources */,
				79496D492A72F8E900B757E1 /* MapViewActionButton.swift in Sources */,
				793BFD472A7410980048EE19 /* RideRequestView.swift in Sources */,
				793BFD442A73FF6B0048EE19 /* MapViewState.swift in Sources */,
				79496D0C2A72E46100B757E1 /* SwiftUberApp.swift in Sources */,
				79496D3F2A72E88C00B757E1 /* UberMapViewRepresentable.swift in Sources */,
				79496D4F2A731B4800B757E1 /* LocationSearchViewModel.swift in Sources */,
				79496D3D2A72E7E400B757E1 /* HomeView.swift in Sources */,
				79496D472A72F61A00B757E1 /* LocationSearchActivationView.swift in Sources */,
				79496D4D2A7300AF00B757E1 /* LocationSearchResultCell.swift in Sources */,
				7922BD7E2A9B398400EB1D20 /* RideType.swift in Sources */,
			);
			runOnlyForDeploymentPostprocessing = 0;
		};
		79496D142A72E46300B757E1 /* Sources */ = {
			isa = PBXSourcesBuildPhase;
			buildActionMask = 2147483647;
			files = (
				79496D1D2A72E46300B757E1 /* SwiftUberTests.swift in Sources */,
			);
			runOnlyForDeploymentPostprocessing = 0;
		};
		79496D1E2A72E46300B757E1 /* Sources */ = {
			isa = PBXSourcesBuildPhase;
			buildActionMask = 2147483647;
			files = (
				79496D292A72E46300B757E1 /* SwiftUberUITestsLaunchTests.swift in Sources */,
				79496D272A72E46300B757E1 /* SwiftUberUITests.swift in Sources */,
			);
			runOnlyForDeploymentPostprocessing = 0;
		};
/* End PBXSourcesBuildPhase section */

/* Begin PBXTargetDependency section */
		79496D1A2A72E46300B757E1 /* PBXTargetDependency */ = {
			isa = PBXTargetDependency;
			target = 79496D072A72E46100B757E1 /* SwiftUber */;
			targetProxy = 79496D192A72E46300B757E1 /* PBXContainerItemProxy */;
		};
		79496D242A72E46300B757E1 /* PBXTargetDependency */ = {
			isa = PBXTargetDependency;
			target = 79496D072A72E46100B757E1 /* SwiftUber */;
			targetProxy = 79496D232A72E46300B757E1 /* PBXContainerItemProxy */;
		};
/* End PBXTargetDependency section */

/* Begin XCBuildConfiguration section */
		79496D2A2A72E46300B757E1 /* Debug */ = {
			isa = XCBuildConfiguration;
			buildSettings = {
				ALWAYS_SEARCH_USER_PATHS = NO;
				CLANG_ANALYZER_NONNULL = YES;
				CLANG_ANALYZER_NUMBER_OBJECT_CONVERSION = YES_AGGRESSIVE;
				CLANG_CXX_LANGUAGE_STANDARD = "gnu++20";
				CLANG_ENABLE_MODULES = YES;
				CLANG_ENABLE_OBJC_ARC = YES;
				CLANG_ENABLE_OBJC_WEAK = YES;
				CLANG_WARN_BLOCK_CAPTURE_AUTORELEASING = YES;
				CLANG_WARN_BOOL_CONVERSION = YES;
				CLANG_WARN_COMMA = YES;
				CLANG_WARN_CONSTANT_CONVERSION = YES;
				CLANG_WARN_DEPRECATED_OBJC_IMPLEMENTATIONS = YES;
				CLANG_WARN_DIRECT_OBJC_ISA_USAGE = YES_ERROR;
				CLANG_WARN_DOCUMENTATION_COMMENTS = YES;
				CLANG_WARN_EMPTY_BODY = YES;
				CLANG_WARN_ENUM_CONVERSION = YES;
				CLANG_WARN_INFINITE_RECURSION = YES;
				CLANG_WARN_INT_CONVERSION = YES;
				CLANG_WARN_NON_LITERAL_NULL_CONVERSION = YES;
				CLANG_WARN_OBJC_IMPLICIT_RETAIN_SELF = YES;
				CLANG_WARN_OBJC_LITERAL_CONVERSION = YES;
				CLANG_WARN_OBJC_ROOT_CLASS = YES_ERROR;
				CLANG_WARN_QUOTED_INCLUDE_IN_FRAMEWORK_HEADER = YES;
				CLANG_WARN_RANGE_LOOP_ANALYSIS = YES;
				CLANG_WARN_STRICT_PROTOTYPES = YES;
				CLANG_WARN_SUSPICIOUS_MOVE = YES;
				CLANG_WARN_UNGUARDED_AVAILABILITY = YES_AGGRESSIVE;
				CLANG_WARN_UNREACHABLE_CODE = YES;
				CLANG_WARN__DUPLICATE_METHOD_MATCH = YES;
				COPY_PHASE_STRIP = NO;
				DEBUG_INFORMATION_FORMAT = dwarf;
				ENABLE_STRICT_OBJC_MSGSEND = YES;
				ENABLE_TESTABILITY = YES;
				GCC_C_LANGUAGE_STANDARD = gnu11;
				GCC_DYNAMIC_NO_PIC = NO;
				GCC_NO_COMMON_BLOCKS = YES;
				GCC_OPTIMIZATION_LEVEL = 0;
				GCC_PREPROCESSOR_DEFINITIONS = (
					"DEBUG=1",
					"$(inherited)",
				);
				GCC_WARN_64_TO_32_BIT_CONVERSION = YES;
				GCC_WARN_ABOUT_RETURN_TYPE = YES_ERROR;
				GCC_WARN_UNDECLARED_SELECTOR = YES;
				GCC_WARN_UNINITIALIZED_AUTOS = YES_AGGRESSIVE;
				GCC_WARN_UNUSED_FUNCTION = YES;
				GCC_WARN_UNUSED_VARIABLE = YES;
				IPHONEOS_DEPLOYMENT_TARGET = 16.4;
				MTL_ENABLE_DEBUG_INFO = INCLUDE_SOURCE;
				MTL_FAST_MATH = YES;
				ONLY_ACTIVE_ARCH = YES;
				SDKROOT = iphoneos;
				SWIFT_ACTIVE_COMPILATION_CONDITIONS = DEBUG;
				SWIFT_OPTIMIZATION_LEVEL = "-Onone";
			};
			name = Debug;
		};
		79496D2B2A72E46300B757E1 /* Release */ = {
			isa = XCBuildConfiguration;
			buildSettings = {
				ALWAYS_SEARCH_USER_PATHS = NO;
				CLANG_ANALYZER_NONNULL = YES;
				CLANG_ANALYZER_NUMBER_OBJECT_CONVERSION = YES_AGGRESSIVE;
				CLANG_CXX_LANGUAGE_STANDARD = "gnu++20";
				CLANG_ENABLE_MODULES = YES;
				CLANG_ENABLE_OBJC_ARC = YES;
				CLANG_ENABLE_OBJC_WEAK = YES;
				CLANG_WARN_BLOCK_CAPTURE_AUTORELEASING = YES;
				CLANG_WARN_BOOL_CONVERSION = YES;
				CLANG_WARN_COMMA = YES;
				CLANG_WARN_CONSTANT_CONVERSION = YES;
				CLANG_WARN_DEPRECATED_OBJC_IMPLEMENTATIONS = YES;
				CLANG_WARN_DIRECT_OBJC_ISA_USAGE = YES_ERROR;
				CLANG_WARN_DOCUMENTATION_COMMENTS = YES;
				CLANG_WARN_EMPTY_BODY = YES;
				CLANG_WARN_ENUM_CONVERSION = YES;
				CLANG_WARN_INFINITE_RECURSION = YES;
				CLANG_WARN_INT_CONVERSION = YES;
				CLANG_WARN_NON_LITERAL_NULL_CONVERSION = YES;
				CLANG_WARN_OBJC_IMPLICIT_RETAIN_SELF = YES;
				CLANG_WARN_OBJC_LITERAL_CONVERSION = YES;
				CLANG_WARN_OBJC_ROOT_CLASS = YES_ERROR;
				CLANG_WARN_QUOTED_INCLUDE_IN_FRAMEWORK_HEADER = YES;
				CLANG_WARN_RANGE_LOOP_ANALYSIS = YES;
				CLANG_WARN_STRICT_PROTOTYPES = YES;
				CLANG_WARN_SUSPICIOUS_MOVE = YES;
				CLANG_WARN_UNGUARDED_AVAILABILITY = YES_AGGRESSIVE;
				CLANG_WARN_UNREACHABLE_CODE = YES;
				CLANG_WARN__DUPLICATE_METHOD_MATCH = YES;
				COPY_PHASE_STRIP = NO;
				DEBUG_INFORMATION_FORMAT = "dwarf-with-dsym";
				ENABLE_NS_ASSERTIONS = NO;
				ENABLE_STRICT_OBJC_MSGSEND = YES;
				GCC_C_LANGUAGE_STANDARD = gnu11;
				GCC_NO_COMMON_BLOCKS = YES;
				GCC_WARN_64_TO_32_BIT_CONVERSION = YES;
				GCC_WARN_ABOUT_RETURN_TYPE = YES_ERROR;
				GCC_WARN_UNDECLARED_SELECTOR = YES;
				GCC_WARN_UNINITIALIZED_AUTOS = YES_AGGRESSIVE;
				GCC_WARN_UNUSED_FUNCTION = YES;
				GCC_WARN_UNUSED_VARIABLE = YES;
				IPHONEOS_DEPLOYMENT_TARGET = 16.4;
				MTL_ENABLE_DEBUG_INFO = NO;
				MTL_FAST_MATH = YES;
				SDKROOT = iphoneos;
				SWIFT_COMPILATION_MODE = wholemodule;
				SWIFT_OPTIMIZATION_LEVEL = "-O";
				VALIDATE_PRODUCT = YES;
			};
			name = Release;
		};
		79496D2D2A72E46300B757E1 /* Debug */ = {
			isa = XCBuildConfiguration;
			buildSettings = {
				ASSETCATALOG_COMPILER_APPICON_NAME = AppIcon;
				ASSETCATALOG_COMPILER_GLOBAL_ACCENT_COLOR_NAME = AccentColor;
				CODE_SIGN_STYLE = Automatic;
				CURRENT_PROJECT_VERSION = 1;
				DEVELOPMENT_ASSET_PATHS = "\"SwiftUber/Preview Content\"";
				DEVELOPMENT_TEAM = DNS9VHL26X;
				ENABLE_PREVIEWS = YES;
				GENERATE_INFOPLIST_FILE = YES;
				INFOPLIST_KEY_NSLocationWhenInUseUsageDescription = "Please allow us to access your location to find you nearby drivers and rides";
				INFOPLIST_KEY_UIApplicationSceneManifest_Generation = YES;
				INFOPLIST_KEY_UIApplicationSupportsIndirectInputEvents = YES;
				INFOPLIST_KEY_UILaunchScreen_Generation = YES;
				INFOPLIST_KEY_UISupportedInterfaceOrientations_iPad = "UIInterfaceOrientationPortrait UIInterfaceOrientationPortraitUpsideDown UIInterfaceOrientationLandscapeLeft UIInterfaceOrientationLandscapeRight";
				INFOPLIST_KEY_UISupportedInterfaceOrientations_iPhone = "UIInterfaceOrientationPortrait UIInterfaceOrientationLandscapeLeft UIInterfaceOrientationLandscapeRight";
				LD_RUNPATH_SEARCH_PATHS = (
					"$(inherited)",
					"@executable_path/Frameworks",
				);
				MARKETING_VERSION = 1.0;
				PRODUCT_BUNDLE_IDENTIFIER = emer88.SwiftUber;
				PRODUCT_NAME = "$(TARGET_NAME)";
				SWIFT_EMIT_LOC_STRINGS = YES;
				SWIFT_VERSION = 5.0;
				TARGETED_DEVICE_FAMILY = "1,2";
			};
			name = Debug;
		};
		79496D2E2A72E46300B757E1 /* Release */ = {
			isa = XCBuildConfiguration;
			buildSettings = {
				ASSETCATALOG_COMPILER_APPICON_NAME = AppIcon;
				ASSETCATALOG_COMPILER_GLOBAL_ACCENT_COLOR_NAME = AccentColor;
				CODE_SIGN_STYLE = Automatic;
				CURRENT_PROJECT_VERSION = 1;
				DEVELOPMENT_ASSET_PATHS = "\"SwiftUber/Preview Content\"";
				DEVELOPMENT_TEAM = DNS9VHL26X;
				ENABLE_PREVIEWS = YES;
				GENERATE_INFOPLIST_FILE = YES;
				INFOPLIST_KEY_NSLocationWhenInUseUsageDescription = "Please allow us to access your location to find you nearby drivers and rides";
				INFOPLIST_KEY_UIApplicationSceneManifest_Generation = YES;
				INFOPLIST_KEY_UIApplicationSupportsIndirectInputEvents = YES;
				INFOPLIST_KEY_UILaunchScreen_Generation = YES;
				INFOPLIST_KEY_UISupportedInterfaceOrientations_iPad = "UIInterfaceOrientationPortrait UIInterfaceOrientationPortraitUpsideDown UIInterfaceOrientationLandscapeLeft UIInterfaceOrientationLandscapeRight";
				INFOPLIST_KEY_UISupportedInterfaceOrientations_iPhone = "UIInterfaceOrientationPortrait UIInterfaceOrientationLandscapeLeft UIInterfaceOrientationLandscapeRight";
				LD_RUNPATH_SEARCH_PATHS = (
					"$(inherited)",
					"@executable_path/Frameworks",
				);
				MARKETING_VERSION = 1.0;
				PRODUCT_BUNDLE_IDENTIFIER = emer88.SwiftUber;
				PRODUCT_NAME = "$(TARGET_NAME)";
				SWIFT_EMIT_LOC_STRINGS = YES;
				SWIFT_VERSION = 5.0;
				TARGETED_DEVICE_FAMILY = "1,2";
			};
			name = Release;
		};
		79496D302A72E46300B757E1 /* Debug */ = {
			isa = XCBuildConfiguration;
			buildSettings = {
				ALWAYS_EMBED_SWIFT_STANDARD_LIBRARIES = YES;
				BUNDLE_LOADER = "$(TEST_HOST)";
				CODE_SIGN_STYLE = Automatic;
				CURRENT_PROJECT_VERSION = 1;
				DEVELOPMENT_TEAM = DNS9VHL26X;
				GENERATE_INFOPLIST_FILE = YES;
				IPHONEOS_DEPLOYMENT_TARGET = 16.4;
				MARKETING_VERSION = 1.0;
				PRODUCT_BUNDLE_IDENTIFIER = emer88.SwiftUberTests;
				PRODUCT_NAME = "$(TARGET_NAME)";
				SWIFT_EMIT_LOC_STRINGS = NO;
				SWIFT_VERSION = 5.0;
				TARGETED_DEVICE_FAMILY = "1,2";
				TEST_HOST = "$(BUILT_PRODUCTS_DIR)/SwiftUber.app/$(BUNDLE_EXECUTABLE_FOLDER_PATH)/SwiftUber";
			};
			name = Debug;
		};
		79496D312A72E46300B757E1 /* Release */ = {
			isa = XCBuildConfiguration;
			buildSettings = {
				ALWAYS_EMBED_SWIFT_STANDARD_LIBRARIES = YES;
				BUNDLE_LOADER = "$(TEST_HOST)";
				CODE_SIGN_STYLE = Automatic;
				CURRENT_PROJECT_VERSION = 1;
				DEVELOPMENT_TEAM = DNS9VHL26X;
				GENERATE_INFOPLIST_FILE = YES;
				IPHONEOS_DEPLOYMENT_TARGET = 16.4;
				MARKETING_VERSION = 1.0;
				PRODUCT_BUNDLE_IDENTIFIER = emer88.SwiftUberTests;
				PRODUCT_NAME = "$(TARGET_NAME)";
				SWIFT_EMIT_LOC_STRINGS = NO;
				SWIFT_VERSION = 5.0;
				TARGETED_DEVICE_FAMILY = "1,2";
				TEST_HOST = "$(BUILT_PRODUCTS_DIR)/SwiftUber.app/$(BUNDLE_EXECUTABLE_FOLDER_PATH)/SwiftUber";
			};
			name = Release;
		};
		79496D332A72E46300B757E1 /* Debug */ = {
			isa = XCBuildConfiguration;
			buildSettings = {
				ALWAYS_EMBED_SWIFT_STANDARD_LIBRARIES = YES;
				CODE_SIGN_STYLE = Automatic;
				CURRENT_PROJECT_VERSION = 1;
				DEVELOPMENT_TEAM = DNS9VHL26X;
				GENERATE_INFOPLIST_FILE = YES;
				MARKETING_VERSION = 1.0;
				PRODUCT_BUNDLE_IDENTIFIER = emer88.SwiftUberUITests;
				PRODUCT_NAME = "$(TARGET_NAME)";
				SWIFT_EMIT_LOC_STRINGS = NO;
				SWIFT_VERSION = 5.0;
				TARGETED_DEVICE_FAMILY = "1,2";
				TEST_TARGET_NAME = SwiftUber;
			};
			name = Debug;
		};
		79496D342A72E46300B757E1 /* Release */ = {
			isa = XCBuildConfiguration;
			buildSettings = {
				ALWAYS_EMBED_SWIFT_STANDARD_LIBRARIES = YES;
				CODE_SIGN_STYLE = Automatic;
				CURRENT_PROJECT_VERSION = 1;
				DEVELOPMENT_TEAM = DNS9VHL26X;
				GENERATE_INFOPLIST_FILE = YES;
				MARKETING_VERSION = 1.0;
				PRODUCT_BUNDLE_IDENTIFIER = emer88.SwiftUberUITests;
				PRODUCT_NAME = "$(TARGET_NAME)";
				SWIFT_EMIT_LOC_STRINGS = NO;
				SWIFT_VERSION = 5.0;
				TARGETED_DEVICE_FAMILY = "1,2";
				TEST_TARGET_NAME = SwiftUber;
			};
			name = Release;
		};
/* End XCBuildConfiguration section */

/* Begin XCConfigurationList section */
		79496D032A72E46100B757E1 /* Build configuration list for PBXProject "SwiftUber" */ = {
			isa = XCConfigurationList;
			buildConfigurations = (
				79496D2A2A72E46300B757E1 /* Debug */,
				79496D2B2A72E46300B757E1 /* Release */,
			);
			defaultConfigurationIsVisible = 0;
			defaultConfigurationName = Release;
		};
		79496D2C2A72E46300B757E1 /* Build configuration list for PBXNativeTarget "SwiftUber" */ = {
			isa = XCConfigurationList;
			buildConfigurations = (
				79496D2D2A72E46300B757E1 /* Debug */,
				79496D2E2A72E46300B757E1 /* Release */,
			);
			defaultConfigurationIsVisible = 0;
			defaultConfigurationName = Release;
		};
		79496D2F2A72E46300B757E1 /* Build configuration list for PBXNativeTarget "SwiftUberTests" */ = {
			isa = XCConfigurationList;
			buildConfigurations = (
				79496D302A72E46300B757E1 /* Debug */,
				79496D312A72E46300B757E1 /* Release */,
			);
			defaultConfigurationIsVisible = 0;
			defaultConfigurationName = Release;
		};
		79496D322A72E46300B757E1 /* Build configuration list for PBXNativeTarget "SwiftUberUITests" */ = {
			isa = XCConfigurationList;
			buildConfigurations = (
				79496D332A72E46300B757E1 /* Debug */,
				79496D342A72E46300B757E1 /* Release */,
			);
			defaultConfigurationIsVisible = 0;
			defaultConfigurationName = Release;
		};
/* End XCConfigurationList section */
	};
	rootObject = 79496D002A72E46100B757E1 /* Project object */;
}
